// !$*UTF8*$!
{
	archiveVersion = 1;
	classes = {
	};
	objectVersion = 50;
	objects = {

/* Begin PBXBuildFile section */
		970D9936246AA8C00053289F /* sketch_ino.cpp in Sources */ = {isa = PBXBuildFile; fileRef = 970D9930246AA8C00053289F /* sketch_ino.cpp */; };
		970D9937246AA8C00053289F /* board.cpp in Sources */ = {isa = PBXBuildFile; fileRef = 970D9931246AA8C00053289F /* board.cpp */; };
		970D9938246AA8C00053289F /* core_simulation.cpp in Sources */ = {isa = PBXBuildFile; fileRef = 970D9932246AA8C00053289F /* core_simulation.cpp */; };
		970D9939246AA8C00053289F /* mydevices.cpp in Sources */ = {isa = PBXBuildFile; fileRef = 970D9933246AA8C00053289F /* mydevices.cpp */; };
/* End PBXBuildFile section */

/* Begin PBXCopyFilesBuildPhase section */
		970D9924246AA8AC0053289F /* CopyFiles */ = {
			isa = PBXCopyFilesBuildPhase;
			buildActionMask = 2147483647;
			dstPath = /usr/share/man/man1/;
			dstSubfolderSpec = 0;
			files = (
			);
			runOnlyForDeploymentPostprocessing = 1;
		};
/* End PBXCopyFilesBuildPhase section */

/* Begin PBXFileReference section */
		970D9926246AA8AC0053289F /* BE */ = {isa = PBXFileReference; explicitFileType = "compiled.mach-o.executable"; includeInIndex = 0; path = BE; sourceTree = BUILT_PRODUCTS_DIR; };
		970D9930246AA8C00053289F /* sketch_ino.cpp */ = {isa = PBXFileReference; fileEncoding = 4; lastKnownFileType = sourcecode.cpp.cpp; name = sketch_ino.cpp; path = ../../src/sketch_ino.cpp; sourceTree = "<group>"; };
		970D9931246AA8C00053289F /* board.cpp */ = {isa = PBXFileReference; fileEncoding = 4; lastKnownFileType = sourcecode.cpp.cpp; name = board.cpp; path = ../../src/board.cpp; sourceTree = "<group>"; };
		970D9932246AA8C00053289F /* core_simulation.cpp */ = {isa = PBXFileReference; fileEncoding = 4; lastKnownFileType = sourcecode.cpp.cpp; name = core_simulation.cpp; path = ../../src/core_simulation.cpp; sourceTree = "<group>"; };
		970D9933246AA8C00053289F /* mydevices.cpp */ = {isa = PBXFileReference; fileEncoding = 4; lastKnownFileType = sourcecode.cpp.cpp; name = mydevices.cpp; path = ../../src/mydevices.cpp; sourceTree = "<group>"; };
		970D9934246AA8C00053289F /* mydevices.h */ = {isa = PBXFileReference; fileEncoding = 4; lastKnownFileType = sourcecode.c.h; name = mydevices.h; path = ../../src/mydevices.h; sourceTree = "<group>"; };
		970D9935246AA8C00053289F /* core_simulation.h */ = {isa = PBXFileReference; fileEncoding = 4; lastKnownFileType = sourcecode.c.h; name = core_simulation.h; path = ../../src/core_simulation.h; sourceTree = "<group>"; };
/* End PBXFileReference section */

/* Begin PBXFrameworksBuildPhase section */
		970D9923246AA8AC0053289F /* Frameworks */ = {
			isa = PBXFrameworksBuildPhase;
			buildActionMask = 2147483647;
			files = (
			);
			runOnlyForDeploymentPostprocessing = 0;
		};
/* End PBXFrameworksBuildPhase section */

/* Begin PBXGroup section */
		970D991D246AA8AC0053289F = {
			isa = PBXGroup;
			children = (
				970D9928246AA8AC0053289F /* BE */,
				970D9927246AA8AC0053289F /* Products */,
			);
			sourceTree = "<group>";
		};
		970D9927246AA8AC0053289F /* Products */ = {
			isa = PBXGroup;
			children = (
				970D9926246AA8AC0053289F /* BE */,
			);
			name = Products;
			sourceTree = "<group>";
		};
		970D9928246AA8AC0053289F /* BE */ = {
			isa = PBXGroup;
			children = (
				970D9931246AA8C00053289F /* board.cpp */,
				970D9932246AA8C00053289F /* core_simulation.cpp */,
				970D9935246AA8C00053289F /* core_simulation.h */,
				970D9933246AA8C00053289F /* mydevices.cpp */,
				970D9934246AA8C00053289F /* mydevices.h */,
				970D9930246AA8C00053289F /* sketch_ino.cpp */,
			);
			path = BE;
			sourceTree = "<group>";
		};
/* End PBXGroup section */

/* Begin PBXNativeTarget section */
		970D9925246AA8AC0053289F /* BE */ = {
			isa = PBXNativeTarget;
			buildConfigurationList = 970D992D246AA8AC0053289F /* Build configuration list for PBXNativeTarget "BE" */;
			buildPhases = (
				970D9922246AA8AC0053289F /* Sources */,
				970D9923246AA8AC0053289F /* Frameworks */,
				970D9924246AA8AC0053289F /* CopyFiles */,
			);
			buildRules = (
			);
			dependencies = (
			);
			name = BE;
			productName = BE;
			productReference = 970D9926246AA8AC0053289F /* BE */;
			productType = "com.apple.product-type.tool";
		};
/* End PBXNativeTarget section */

/* Begin PBXProject section */
		970D991E246AA8AC0053289F /* Project object */ = {
			isa = PBXProject;
			attributes = {
				LastUpgradeCheck = 1140;
				ORGANIZATIONNAME = fannymichel;
				TargetAttributes = {
					970D9925246AA8AC0053289F = {
						CreatedOnToolsVersion = 11.4.1;
					};
				};
			};
			buildConfigurationList = 970D9921246AA8AC0053289F /* Build configuration list for PBXProject "BE" */;
			compatibilityVersion = "Xcode 9.3";
			developmentRegion = en;
			hasScannedForEncodings = 0;
			knownRegions = (
				en,
				Base,
			);
			mainGroup = 970D991D246AA8AC0053289F;
			productRefGroup = 970D9927246AA8AC0053289F /* Products */;
			projectDirPath = "";
			projectRoot = "";
			targets = (
				970D9925246AA8AC0053289F /* BE */,
			);
		};
/* End PBXProject section */

/* Begin PBXSourcesBuildPhase section */
		970D9922246AA8AC0053289F /* Sources */ = {
			isa = PBXSourcesBuildPhase;
			buildActionMask = 2147483647;
			files = (
				970D9936246AA8C00053289F /* sketch_ino.cpp in Sources */,
				970D9939246AA8C00053289F /* mydevices.cpp in Sources */,
				970D9938246AA8C00053289F /* core_simulation.cpp in Sources */,
				970D9937246AA8C00053289F /* board.cpp in Sources */,
			);
			runOnlyForDeploymentPostprocessing = 0;
		};
/* End PBXSourcesBuildPhase section */

/* Begin XCBuildConfiguration section */
		970D992B246AA8AC0053289F /* Debug */ = {
			isa = XCBuildConfiguration;
			buildSettings = {
				ALWAYS_SEARCH_USER_PATHS = NO;
				CLANG_ANALYZER_NONNULL = YES;
				CLANG_ANALYZER_NUMBER_OBJECT_CONVERSION = YES_AGGRESSIVE;
				CLANG_CXX_LANGUAGE_STANDARD = "gnu++14";
				CLANG_CXX_LIBRARY = "libc++";
				CLANG_ENABLE_MODULES = YES;
				CLANG_ENABLE_OBJC_ARC = YES;
				CLANG_ENABLE_OBJC_WEAK = YES;
				CLANG_WARN_BLOCK_CAPTURE_AUTORELEASING = YES;
				CLANG_WARN_BOOL_CONVERSION = YES;
				CLANG_WARN_COMMA = YES;
				CLANG_WARN_CONSTANT_CONVERSION = YES;
				CLANG_WARN_DEPRECATED_OBJC_IMPLEMENTATIONS = YES;
				CLANG_WARN_DIRECT_OBJC_ISA_USAGE = YES_ERROR;
				CLANG_WARN_DOCUMENTATION_COMMENTS = YES;
				CLANG_WARN_EMPTY_BODY = YES;
				CLANG_WARN_ENUM_CONVERSION = YES;
				CLANG_WARN_INFINITE_RECURSION = YES;
				CLANG_WARN_INT_CONVERSION = YES;
				CLANG_WARN_NON_LITERAL_NULL_CONVERSION = YES;
				CLANG_WARN_OBJC_IMPLICIT_RETAIN_SELF = YES;
				CLANG_WARN_OBJC_LITERAL_CONVERSION = YES;
				CLANG_WARN_OBJC_ROOT_CLASS = YES_ERROR;
				CLANG_WARN_RANGE_LOOP_ANALYSIS = YES;
				CLANG_WARN_STRICT_PROTOTYPES = YES;
				CLANG_WARN_SUSPICIOUS_MOVE = YES;
				CLANG_WARN_UNGUARDED_AVAILABILITY = YES_AGGRESSIVE;
				CLANG_WARN_UNREACHABLE_CODE = YES;
				CLANG_WARN__DUPLICATE_METHOD_MATCH = YES;
				COPY_PHASE_STRIP = NO;
				DEBUG_INFORMATION_FORMAT = dwarf;
				ENABLE_STRICT_OBJC_MSGSEND = YES;
				ENABLE_TESTABILITY = YES;
				GCC_C_LANGUAGE_STANDARD = gnu11;
				GCC_DYNAMIC_NO_PIC = NO;
				GCC_NO_COMMON_BLOCKS = YES;
				GCC_OPTIMIZATION_LEVEL = 0;
				GCC_PREPROCESSOR_DEFINITIONS = (
					"DEBUG=1",
					"$(inherited)",
				);
				GCC_WARN_64_TO_32_BIT_CONVERSION = YES;
				GCC_WARN_ABOUT_RETURN_TYPE = YES_ERROR;
				GCC_WARN_UNDECLARED_SELECTOR = YES;
				GCC_WARN_UNINITIALIZED_AUTOS = YES_AGGRESSIVE;
				GCC_WARN_UNUSED_FUNCTION = YES;
				GCC_WARN_UNUSED_VARIABLE = YES;
				MACOSX_DEPLOYMENT_TARGET = 10.15;
				MTL_ENABLE_DEBUG_INFO = INCLUDE_SOURCE;
				MTL_FAST_MATH = YES;
				ONLY_ACTIVE_ARCH = YES;
				SDKROOT = macosx;
			};
			name = Debug;
		};
		970D992C246AA8AC0053289F /* Release */ = {
			isa = XCBuildConfiguration;
			buildSettings = {
				ALWAYS_SEARCH_USER_PATHS = NO;
				CLANG_ANALYZER_NONNULL = YES;
				CLANG_ANALYZER_NUMBER_OBJECT_CONVERSION = YES_AGGRESSIVE;
				CLANG_CXX_LANGUAGE_STANDARD = "gnu++14";
				CLANG_CXX_LIBRARY = "libc++";
				CLANG_ENABLE_MODULES = YES;
				CLANG_ENABLE_OBJC_ARC = YES;
				CLANG_ENABLE_OBJC_WEAK = YES;
				CLANG_WARN_BLOCK_CAPTURE_AUTORELEASING = YES;
				CLANG_WARN_BOOL_CONVERSION = YES;
				CLANG_WARN_COMMA = YES;
				CLANG_WARN_CONSTANT_CONVERSION = YES;
				CLANG_WARN_DEPRECATED_OBJC_IMPLEMENTATIONS = YES;
				CLANG_WARN_DIRECT_OBJC_ISA_USAGE = YES_ERROR;
				CLANG_WARN_DOCUMENTATION_COMMENTS = YES;
				CLANG_WARN_EMPTY_BODY = YES;
				CLANG_WARN_ENUM_CONVERSION = YES;
				CLANG_WARN_INFINITE_RECURSION = YES;
				CLANG_WARN_INT_CONVERSION = YES;
				CLANG_WARN_NON_LITERAL_NULL_CONVERSION = YES;
				CLANG_WARN_OBJC_IMPLICIT_RETAIN_SELF = YES;
				CLANG_WARN_OBJC_LITERAL_CONVERSION = YES;
				CLANG_WARN_OBJC_ROOT_CLASS = YES_ERROR;
				CLANG_WARN_RANGE_LOOP_ANALYSIS = YES;
				CLANG_WARN_STRICT_PROTOTYPES = YES;
				CLANG_WARN_SUSPICIOUS_MOVE = YES;
				CLANG_WARN_UNGUARDED_AVAILABILITY = YES_AGGRESSIVE;
				CLANG_WARN_UNREACHABLE_CODE = YES;
				CLANG_WARN__DUPLICATE_METHOD_MATCH = YES;
				COPY_PHASE_STRIP = NO;
				DEBUG_INFORMATION_FORMAT = "dwarf-with-dsym";
				ENABLE_NS_ASSERTIONS = NO;
				ENABLE_STRICT_OBJC_MSGSEND = YES;
				GCC_C_LANGUAGE_STANDARD = gnu11;
				GCC_NO_COMMON_BLOCKS = YES;
				GCC_WARN_64_TO_32_BIT_CONVERSION = YES;
				GCC_WARN_ABOUT_RETURN_TYPE = YES_ERROR;
				GCC_WARN_UNDECLARED_SELECTOR = YES;
				GCC_WARN_UNINITIALIZED_AUTOS = YES_AGGRESSIVE;
				GCC_WARN_UNUSED_FUNCTION = YES;
				GCC_WARN_UNUSED_VARIABLE = YES;
				MACOSX_DEPLOYMENT_TARGET = 10.15;
				MTL_ENABLE_DEBUG_INFO = NO;
				MTL_FAST_MATH = YES;
				SDKROOT = macosx;
			};
			name = Release;
		};
		970D992E246AA8AC0053289F /* Debug */ = {
			isa = XCBuildConfiguration;
			buildSettings = {
				CODE_SIGN_STYLE = Automatic;
				PRODUCT_NAME = "$(TARGET_NAME)";
			};
			name = Debug;
		};
		970D992F246AA8AC0053289F /* Release */ = {
			isa = XCBuildConfiguration;
			buildSettings = {
				CODE_SIGN_STYLE = Automatic;
				PRODUCT_NAME = "$(TARGET_NAME)";
			};
			name = Release;
		};
/* End XCBuildConfiguration section */

/* Begin XCConfigurationList section */
		970D9921246AA8AC0053289F /* Build configuration list for PBXProject "BE" */ = {
			isa = XCConfigurationList;
			buildConfigurations = (
				970D992B246AA8AC0053289F /* Debug */,
				970D992C246AA8AC0053289F /* Release */,
			);
			defaultConfigurationIsVisible = 0;
			defaultConfigurationName = Release;
		};
		970D992D246AA8AC0053289F /* Build configuration list for PBXNativeTarget "BE" */ = {
			isa = XCConfigurationList;
			buildConfigurations = (
				970D992E246AA8AC0053289F /* Debug */,
				970D992F246AA8AC0053289F /* Release */,
			);
			defaultConfigurationIsVisible = 0;
			defaultConfigurationName = Release;
		};
/* End XCConfigurationList section */
	};
	rootObject = 970D991E246AA8AC0053289F /* Project object */;
}
