// !$*UTF8*$!
{
	archiveVersion = 1;
	classes = {
	};
	objectVersion = 50;
	objects = {

/* Begin PBXBuildFile section */
		CBFEFBC9246C2D9500FA50AA /* sketch_ino.cpp in Sources */ = {isa = PBXBuildFile; fileRef = CBFEFBC4246C2D9400FA50AA /* sketch_ino.cpp */; };
		CBFEFBCA246C2D9500FA50AA /* core_simulation.cpp in Sources */ = {isa = PBXBuildFile; fileRef = CBFEFBC5246C2D9400FA50AA /* core_simulation.cpp */; };
		CBFEFBCB246C2D9500FA50AA /* board.cpp in Sources */ = {isa = PBXBuildFile; fileRef = CBFEFBC6246C2D9400FA50AA /* board.cpp */; };
		CBFEFBCC246C2D9500FA50AA /* myactuators.cpp in Sources */ = {isa = PBXBuildFile; fileRef = CBFEFBC7246C2D9500FA50AA /* myactuators.cpp */; };
		CBFEFBD0247520C800FA50AA /* mysensors.cpp in Sources */ = {isa = PBXBuildFile; fileRef = CBFEFBCE247520C700FA50AA /* mysensors.cpp */; };
/* End PBXBuildFile section */

/* Begin PBXCopyFilesBuildPhase section */
		CBFEFBB7246C2D8300FA50AA /* CopyFiles */ = {
			isa = PBXCopyFilesBuildPhase;
			buildActionMask = 2147483647;
			dstPath = /usr/share/man/man1/;
			dstSubfolderSpec = 0;
			files = (
			);
			runOnlyForDeploymentPostprocessing = 1;
		};
/* End PBXCopyFilesBuildPhase section */

/* Begin PBXFileReference section */
		CBFEFBB9246C2D8300FA50AA /* BE */ = {isa = PBXFileReference; explicitFileType = "compiled.mach-o.executable"; includeInIndex = 0; path = BE; sourceTree = BUILT_PRODUCTS_DIR; };
		CBFEFBC3246C2D9400FA50AA /* myactuators.h */ = {isa = PBXFileReference; fileEncoding = 4; lastKnownFileType = sourcecode.c.h; name = myactuators.h; path = ../../src/myactuators.h; sourceTree = "<group>"; };
		CBFEFBC4246C2D9400FA50AA /* sketch_ino.cpp */ = {isa = PBXFileReference; fileEncoding = 4; lastKnownFileType = sourcecode.cpp.cpp; name = sketch_ino.cpp; path = ../../src/sketch_ino.cpp; sourceTree = "<group>"; };
		CBFEFBC5246C2D9400FA50AA /* core_simulation.cpp */ = {isa = PBXFileReference; fileEncoding = 4; lastKnownFileType = sourcecode.cpp.cpp; name = core_simulation.cpp; path = ../../src/core_simulation.cpp; sourceTree = "<group>"; };
		CBFEFBC6246C2D9400FA50AA /* board.cpp */ = {isa = PBXFileReference; fileEncoding = 4; lastKnownFileType = sourcecode.cpp.cpp; name = board.cpp; path = ../../src/board.cpp; sourceTree = "<group>"; };
		CBFEFBC7246C2D9500FA50AA /* myactuators.cpp */ = {isa = PBXFileReference; fileEncoding = 4; lastKnownFileType = sourcecode.cpp.cpp; name = myactuators.cpp; path = ../../src/myactuators.cpp; sourceTree = "<group>"; };
		CBFEFBC8246C2D9500FA50AA /* core_simulation.h */ = {isa = PBXFileReference; fileEncoding = 4; lastKnownFileType = sourcecode.c.h; name = core_simulation.h; path = ../../src/core_simulation.h; sourceTree = "<group>"; };
		CBFEFBCE247520C700FA50AA /* mysensors.cpp */ = {isa = PBXFileReference; lastKnownFileType = sourcecode.cpp.cpp; path = mysensors.cpp; sourceTree = "<group>"; };
		CBFEFBCF247520C800FA50AA /* mysensors.hpp */ = {isa = PBXFileReference; lastKnownFileType = sourcecode.cpp.h; path = mysensors.hpp; sourceTree = "<group>"; };
/* End PBXFileReference section */

/* Begin PBXFrameworksBuildPhase section */
		CBFEFBB6246C2D8300FA50AA /* Frameworks */ = {
			isa = PBXFrameworksBuildPhase;
			buildActionMask = 2147483647;
			files = (
			);
			runOnlyForDeploymentPostprocessing = 0;
		};
/* End PBXFrameworksBuildPhase section */

/* Begin PBXGroup section */
		CBFEFBB0246C2D8300FA50AA = {
			isa = PBXGroup;
			children = (
				CBFEFBBB246C2D8300FA50AA /* BE */,
				CBFEFBBA246C2D8300FA50AA /* Products */,
			);
			sourceTree = "<group>";
		};
		CBFEFBBA246C2D8300FA50AA /* Products */ = {
			isa = PBXGroup;
			children = (
				CBFEFBB9246C2D8300FA50AA /* BE */,
			);
			name = Products;
			sourceTree = "<group>";
		};
		CBFEFBBB246C2D8300FA50AA /* BE */ = {
			isa = PBXGroup;
			children = (
				CBFEFBC6246C2D9400FA50AA /* board.cpp */,
				CBFEFBC5246C2D9400FA50AA /* core_simulation.cpp */,
				CBFEFBC8246C2D9500FA50AA /* core_simulation.h */,
				CBFEFBC7246C2D9500FA50AA /* myactuators.cpp */,
				CBFEFBC3246C2D9400FA50AA /* myactuators.h */,
				CBFEFBCE247520C700FA50AA /* mysensors.cpp */,
				CBFEFBCF247520C800FA50AA /* mysensors.hpp */,
				CBFEFBC4246C2D9400FA50AA /* sketch_ino.cpp */,
			);
			path = BE;
			sourceTree = "<group>";
		};
/* End PBXGroup section */

/* Begin PBXNativeTarget section */
		CBFEFBB8246C2D8300FA50AA /* BE */ = {
			isa = PBXNativeTarget;
			buildConfigurationList = CBFEFBC0246C2D8300FA50AA /* Build configuration list for PBXNativeTarget "BE" */;
			buildPhases = (
				CBFEFBB5246C2D8300FA50AA /* Sources */,
				CBFEFBB6246C2D8300FA50AA /* Frameworks */,
				CBFEFBB7246C2D8300FA50AA /* CopyFiles */,
			);
			buildRules = (
			);
			dependencies = (
			);
			name = BE;
			productName = BE;
			productReference = CBFEFBB9246C2D8300FA50AA /* BE */;
			productType = "com.apple.product-type.tool";
		};
/* End PBXNativeTarget section */

/* Begin PBXProject section */
		CBFEFBB1246C2D8300FA50AA /* Project object */ = {
			isa = PBXProject;
			attributes = {
				LastUpgradeCheck = 1130;
				ORGANIZATIONNAME = "Julie Fié";
				TargetAttributes = {
					CBFEFBB8246C2D8300FA50AA = {
						CreatedOnToolsVersion = 11.3.1;
					};
				};
			};
			buildConfigurationList = CBFEFBB4246C2D8300FA50AA /* Build configuration list for PBXProject "BE" */;
			compatibilityVersion = "Xcode 9.3";
			developmentRegion = en;
			hasScannedForEncodings = 0;
			knownRegions = (
				en,
				Base,
			);
			mainGroup = CBFEFBB0246C2D8300FA50AA;
			productRefGroup = CBFEFBBA246C2D8300FA50AA /* Products */;
			projectDirPath = "";
			projectRoot = "";
			targets = (
				CBFEFBB8246C2D8300FA50AA /* BE */,
			);
		};
/* End PBXProject section */

/* Begin PBXSourcesBuildPhase section */
		CBFEFBB5246C2D8300FA50AA /* Sources */ = {
			isa = PBXSourcesBuildPhase;
			buildActionMask = 2147483647;
			files = (
				CBFEFBC9246C2D9500FA50AA /* sketch_ino.cpp in Sources */,
				CBFEFBCC246C2D9500FA50AA /* myactuators.cpp in Sources */,
				CBFEFBCB246C2D9500FA50AA /* board.cpp in Sources */,
				CBFEFBD0247520C800FA50AA /* mysensors.cpp in Sources */,
				CBFEFBCA246C2D9500FA50AA /* core_simulation.cpp in Sources */,
			);
			runOnlyForDeploymentPostprocessing = 0;
		};
/* End PBXSourcesBuildPhase section */

/* Begin XCBuildConfiguration section */
		CBFEFBBE246C2D8300FA50AA /* Debug */ = {
			isa = XCBuildConfiguration;
			buildSettings = {
				ALWAYS_SEARCH_USER_PATHS = NO;
				CLANG_ANALYZER_NONNULL = YES;
				CLANG_ANALYZER_NUMBER_OBJECT_CONVERSION = YES_AGGRESSIVE;
				CLANG_CXX_LANGUAGE_STANDARD = "gnu++14";
				CLANG_CXX_LIBRARY = "libc++";
				CLANG_ENABLE_MODULES = YES;
				CLANG_ENABLE_OBJC_ARC = YES;
				CLANG_ENABLE_OBJC_WEAK = YES;
				CLANG_WARN_BLOCK_CAPTURE_AUTORELEASING = YES;
				CLANG_WARN_BOOL_CONVERSION = YES;
				CLANG_WARN_COMMA = YES;
				CLANG_WARN_CONSTANT_CONVERSION = YES;
				CLANG_WARN_DEPRECATED_OBJC_IMPLEMENTATIONS = YES;
				CLANG_WARN_DIRECT_OBJC_ISA_USAGE = YES_ERROR;
				CLANG_WARN_DOCUMENTATION_COMMENTS = YES;
				CLANG_WARN_EMPTY_BODY = YES;
				CLANG_WARN_ENUM_CONVERSION = YES;
				CLANG_WARN_INFINITE_RECURSION = YES;
				CLANG_WARN_INT_CONVERSION = YES;
				CLANG_WARN_NON_LITERAL_NULL_CONVERSION = YES;
				CLANG_WARN_OBJC_IMPLICIT_RETAIN_SELF = YES;
				CLANG_WARN_OBJC_LITERAL_CONVERSION = YES;
				CLANG_WARN_OBJC_ROOT_CLASS = YES_ERROR;
				CLANG_WARN_RANGE_LOOP_ANALYSIS = YES;
				CLANG_WARN_STRICT_PROTOTYPES = YES;
				CLANG_WARN_SUSPICIOUS_MOVE = YES;
				CLANG_WARN_UNGUARDED_AVAILABILITY = YES_AGGRESSIVE;
				CLANG_WARN_UNREACHABLE_CODE = YES;
				CLANG_WARN__DUPLICATE_METHOD_MATCH = YES;
				COPY_PHASE_STRIP = NO;
				DEBUG_INFORMATION_FORMAT = dwarf;
				ENABLE_STRICT_OBJC_MSGSEND = YES;
				ENABLE_TESTABILITY = YES;
				GCC_C_LANGUAGE_STANDARD = gnu11;
				GCC_DYNAMIC_NO_PIC = NO;
				GCC_NO_COMMON_BLOCKS = YES;
				GCC_OPTIMIZATION_LEVEL = 0;
				GCC_PREPROCESSOR_DEFINITIONS = (
					"DEBUG=1",
					"$(inherited)",
				);
				GCC_WARN_64_TO_32_BIT_CONVERSION = YES;
				GCC_WARN_ABOUT_RETURN_TYPE = YES_ERROR;
				GCC_WARN_UNDECLARED_SELECTOR = YES;
				GCC_WARN_UNINITIALIZED_AUTOS = YES_AGGRESSIVE;
				GCC_WARN_UNUSED_FUNCTION = YES;
				GCC_WARN_UNUSED_VARIABLE = YES;
				MACOSX_DEPLOYMENT_TARGET = 10.15;
				MTL_ENABLE_DEBUG_INFO = INCLUDE_SOURCE;
				MTL_FAST_MATH = YES;
				ONLY_ACTIVE_ARCH = YES;
				SDKROOT = macosx;
			};
			name = Debug;
		};
		CBFEFBBF246C2D8300FA50AA /* Release */ = {
			isa = XCBuildConfiguration;
			buildSettings = {
				ALWAYS_SEARCH_USER_PATHS = NO;
				CLANG_ANALYZER_NONNULL = YES;
				CLANG_ANALYZER_NUMBER_OBJECT_CONVERSION = YES_AGGRESSIVE;
				CLANG_CXX_LANGUAGE_STANDARD = "gnu++14";
				CLANG_CXX_LIBRARY = "libc++";
				CLANG_ENABLE_MODULES = YES;
				CLANG_ENABLE_OBJC_ARC = YES;
				CLANG_ENABLE_OBJC_WEAK = YES;
				CLANG_WARN_BLOCK_CAPTURE_AUTORELEASING = YES;
				CLANG_WARN_BOOL_CONVERSION = YES;
				CLANG_WARN_COMMA = YES;
				CLANG_WARN_CONSTANT_CONVERSION = YES;
				CLANG_WARN_DEPRECATED_OBJC_IMPLEMENTATIONS = YES;
				CLANG_WARN_DIRECT_OBJC_ISA_USAGE = YES_ERROR;
				CLANG_WARN_DOCUMENTATION_COMMENTS = YES;
				CLANG_WARN_EMPTY_BODY = YES;
				CLANG_WARN_ENUM_CONVERSION = YES;
				CLANG_WARN_INFINITE_RECURSION = YES;
				CLANG_WARN_INT_CONVERSION = YES;
				CLANG_WARN_NON_LITERAL_NULL_CONVERSION = YES;
				CLANG_WARN_OBJC_IMPLICIT_RETAIN_SELF = YES;
				CLANG_WARN_OBJC_LITERAL_CONVERSION = YES;
				CLANG_WARN_OBJC_ROOT_CLASS = YES_ERROR;
				CLANG_WARN_RANGE_LOOP_ANALYSIS = YES;
				CLANG_WARN_STRICT_PROTOTYPES = YES;
				CLANG_WARN_SUSPICIOUS_MOVE = YES;
				CLANG_WARN_UNGUARDED_AVAILABILITY = YES_AGGRESSIVE;
				CLANG_WARN_UNREACHABLE_CODE = YES;
				CLANG_WARN__DUPLICATE_METHOD_MATCH = YES;
				COPY_PHASE_STRIP = NO;
				DEBUG_INFORMATION_FORMAT = "dwarf-with-dsym";
				ENABLE_NS_ASSERTIONS = NO;
				ENABLE_STRICT_OBJC_MSGSEND = YES;
				GCC_C_LANGUAGE_STANDARD = gnu11;
				GCC_NO_COMMON_BLOCKS = YES;
				GCC_WARN_64_TO_32_BIT_CONVERSION = YES;
				GCC_WARN_ABOUT_RETURN_TYPE = YES_ERROR;
				GCC_WARN_UNDECLARED_SELECTOR = YES;
				GCC_WARN_UNINITIALIZED_AUTOS = YES_AGGRESSIVE;
				GCC_WARN_UNUSED_FUNCTION = YES;
				GCC_WARN_UNUSED_VARIABLE = YES;
				MACOSX_DEPLOYMENT_TARGET = 10.15;
				MTL_ENABLE_DEBUG_INFO = NO;
				MTL_FAST_MATH = YES;
				SDKROOT = macosx;
			};
			name = Release;
		};
		CBFEFBC1246C2D8300FA50AA /* Debug */ = {
			isa = XCBuildConfiguration;
			buildSettings = {
				CODE_SIGN_STYLE = Automatic;
				PRODUCT_NAME = "$(TARGET_NAME)";
			};
			name = Debug;
		};
		CBFEFBC2246C2D8300FA50AA /* Release */ = {
			isa = XCBuildConfiguration;
			buildSettings = {
				CODE_SIGN_STYLE = Automatic;
				PRODUCT_NAME = "$(TARGET_NAME)";
			};
			name = Release;
		};
/* End XCBuildConfiguration section */

/* Begin XCConfigurationList section */
		CBFEFBB4246C2D8300FA50AA /* Build configuration list for PBXProject "BE" */ = {
			isa = XCConfigurationList;
			buildConfigurations = (
				CBFEFBBE246C2D8300FA50AA /* Debug */,
				CBFEFBBF246C2D8300FA50AA /* Release */,
			);
			defaultConfigurationIsVisible = 0;
			defaultConfigurationName = Release;
		};
		CBFEFBC0246C2D8300FA50AA /* Build configuration list for PBXNativeTarget "BE" */ = {
			isa = XCConfigurationList;
			buildConfigurations = (
				CBFEFBC1246C2D8300FA50AA /* Debug */,
				CBFEFBC2246C2D8300FA50AA /* Release */,
			);
			defaultConfigurationIsVisible = 0;
			defaultConfigurationName = Release;
		};
/* End XCConfigurationList section */
	};
	rootObject = CBFEFBB1246C2D8300FA50AA /* Project object */;
}
