// !$*UTF8*$!
{
	archiveVersion = 1;
	classes = {
	};
	objectVersion = 50;
	objects = {

/* Begin PBXBuildFile section */
		CB2D12CF246AA559001D4C31 /* board.cpp in Sources */ = {isa = PBXBuildFile; fileRef = CB2D12CA246AA559001D4C31 /* board.cpp */; };
		CB2D12D0246AA559001D4C31 /* mydevices.cpp in Sources */ = {isa = PBXBuildFile; fileRef = CB2D12CB246AA559001D4C31 /* mydevices.cpp */; };
		CB2D12D1246AA559001D4C31 /* core_simulation.cpp in Sources */ = {isa = PBXBuildFile; fileRef = CB2D12CC246AA559001D4C31 /* core_simulation.cpp */; };
		CB2D12D2246AA559001D4C31 /* sketch_ino.cpp in Sources */ = {isa = PBXBuildFile; fileRef = CB2D12CE246AA559001D4C31 /* sketch_ino.cpp */; };
/* End PBXBuildFile section */

/* Begin PBXCopyFilesBuildPhase section */
		CB2D12BD246AA547001D4C31 /* CopyFiles */ = {
			isa = PBXCopyFilesBuildPhase;
			buildActionMask = 2147483647;
			dstPath = /usr/share/man/man1/;
			dstSubfolderSpec = 0;
			files = (
			);
			runOnlyForDeploymentPostprocessing = 1;
		};
/* End PBXCopyFilesBuildPhase section */

/* Begin PBXFileReference section */
		CB2D12BF246AA547001D4C31 /* BE */ = {isa = PBXFileReference; explicitFileType = "compiled.mach-o.executable"; includeInIndex = 0; path = BE; sourceTree = BUILT_PRODUCTS_DIR; };
		CB2D12C9246AA559001D4C31 /* core_simulation.h */ = {isa = PBXFileReference; fileEncoding = 4; lastKnownFileType = sourcecode.c.h; name = core_simulation.h; path = ../../src/core_simulation.h; sourceTree = "<group>"; };
		CB2D12CA246AA559001D4C31 /* board.cpp */ = {isa = PBXFileReference; fileEncoding = 4; lastKnownFileType = sourcecode.cpp.cpp; name = board.cpp; path = ../../src/board.cpp; sourceTree = "<group>"; };
		CB2D12CB246AA559001D4C31 /* mydevices.cpp */ = {isa = PBXFileReference; fileEncoding = 4; lastKnownFileType = sourcecode.cpp.cpp; name = mydevices.cpp; path = ../../src/mydevices.cpp; sourceTree = "<group>"; };
		CB2D12CC246AA559001D4C31 /* core_simulation.cpp */ = {isa = PBXFileReference; fileEncoding = 4; lastKnownFileType = sourcecode.cpp.cpp; name = core_simulation.cpp; path = ../../src/core_simulation.cpp; sourceTree = "<group>"; };
		CB2D12CD246AA559001D4C31 /* mydevices.h */ = {isa = PBXFileReference; fileEncoding = 4; lastKnownFileType = sourcecode.c.h; name = mydevices.h; path = ../../src/mydevices.h; sourceTree = "<group>"; };
		CB2D12CE246AA559001D4C31 /* sketch_ino.cpp */ = {isa = PBXFileReference; fileEncoding = 4; lastKnownFileType = sourcecode.cpp.cpp; name = sketch_ino.cpp; path = ../../src/sketch_ino.cpp; sourceTree = "<group>"; };
/* End PBXFileReference section */

/* Begin PBXFrameworksBuildPhase section */
		CB2D12BC246AA547001D4C31 /* Frameworks */ = {
			isa = PBXFrameworksBuildPhase;
			buildActionMask = 2147483647;
			files = (
			);
			runOnlyForDeploymentPostprocessing = 0;
		};
/* End PBXFrameworksBuildPhase section */

/* Begin PBXGroup section */
		CB2D12B6246AA547001D4C31 = {
			isa = PBXGroup;
			children = (
				CB2D12C1246AA547001D4C31 /* BE */,
				CB2D12C0246AA547001D4C31 /* Products */,
			);
			sourceTree = "<group>";
		};
		CB2D12C0246AA547001D4C31 /* Products */ = {
			isa = PBXGroup;
			children = (
				CB2D12BF246AA547001D4C31 /* BE */,
			);
			name = Products;
			sourceTree = "<group>";
		};
		CB2D12C1246AA547001D4C31 /* BE */ = {
			isa = PBXGroup;
			children = (
				CB2D12CA246AA559001D4C31 /* board.cpp */,
				CB2D12CC246AA559001D4C31 /* core_simulation.cpp */,
				CB2D12C9246AA559001D4C31 /* core_simulation.h */,
				CB2D12CB246AA559001D4C31 /* mydevices.cpp */,
				CB2D12CD246AA559001D4C31 /* mydevices.h */,
				CB2D12CE246AA559001D4C31 /* sketch_ino.cpp */,
			);
			path = BE;
			sourceTree = "<group>";
		};
/* End PBXGroup section */

/* Begin PBXNativeTarget section */
		CB2D12BE246AA547001D4C31 /* BE */ = {
			isa = PBXNativeTarget;
			buildConfigurationList = CB2D12C6246AA547001D4C31 /* Build configuration list for PBXNativeTarget "BE" */;
			buildPhases = (
				CB2D12BB246AA547001D4C31 /* Sources */,
				CB2D12BC246AA547001D4C31 /* Frameworks */,
				CB2D12BD246AA547001D4C31 /* CopyFiles */,
			);
			buildRules = (
			);
			dependencies = (
			);
			name = BE;
			productName = BE;
			productReference = CB2D12BF246AA547001D4C31 /* BE */;
			productType = "com.apple.product-type.tool";
		};
/* End PBXNativeTarget section */

/* Begin PBXProject section */
		CB2D12B7246AA547001D4C31 /* Project object */ = {
			isa = PBXProject;
			attributes = {
				LastUpgradeCheck = 1130;
				ORGANIZATIONNAME = "Julie Fié";
				TargetAttributes = {
					CB2D12BE246AA547001D4C31 = {
						CreatedOnToolsVersion = 11.3.1;
					};
				};
			};
			buildConfigurationList = CB2D12BA246AA547001D4C31 /* Build configuration list for PBXProject "BE" */;
			compatibilityVersion = "Xcode 9.3";
			developmentRegion = en;
			hasScannedForEncodings = 0;
			knownRegions = (
				en,
				Base,
			);
			mainGroup = CB2D12B6246AA547001D4C31;
			productRefGroup = CB2D12C0246AA547001D4C31 /* Products */;
			projectDirPath = "";
			projectRoot = "";
			targets = (
				CB2D12BE246AA547001D4C31 /* BE */,
			);
		};
/* End PBXProject section */

/* Begin PBXSourcesBuildPhase section */
		CB2D12BB246AA547001D4C31 /* Sources */ = {
			isa = PBXSourcesBuildPhase;
			buildActionMask = 2147483647;
			files = (
				CB2D12CF246AA559001D4C31 /* board.cpp in Sources */,
				CB2D12D1246AA559001D4C31 /* core_simulation.cpp in Sources */,
				CB2D12D2246AA559001D4C31 /* sketch_ino.cpp in Sources */,
				CB2D12D0246AA559001D4C31 /* mydevices.cpp in Sources */,
			);
			runOnlyForDeploymentPostprocessing = 0;
		};
/* End PBXSourcesBuildPhase section */

/* Begin XCBuildConfiguration section */
		CB2D12C4246AA547001D4C31 /* Debug */ = {
			isa = XCBuildConfiguration;
			buildSettings = {
				ALWAYS_SEARCH_USER_PATHS = NO;
				CLANG_ANALYZER_NONNULL = YES;
				CLANG_ANALYZER_NUMBER_OBJECT_CONVERSION = YES_AGGRESSIVE;
				CLANG_CXX_LANGUAGE_STANDARD = "gnu++14";
				CLANG_CXX_LIBRARY = "libc++";
				CLANG_ENABLE_MODULES = YES;
				CLANG_ENABLE_OBJC_ARC = YES;
				CLANG_ENABLE_OBJC_WEAK = YES;
				CLANG_WARN_BLOCK_CAPTURE_AUTORELEASING = YES;
				CLANG_WARN_BOOL_CONVERSION = YES;
				CLANG_WARN_COMMA = YES;
				CLANG_WARN_CONSTANT_CONVERSION = YES;
				CLANG_WARN_DEPRECATED_OBJC_IMPLEMENTATIONS = YES;
				CLANG_WARN_DIRECT_OBJC_ISA_USAGE = YES_ERROR;
				CLANG_WARN_DOCUMENTATION_COMMENTS = YES;
				CLANG_WARN_EMPTY_BODY = YES;
				CLANG_WARN_ENUM_CONVERSION = YES;
				CLANG_WARN_INFINITE_RECURSION = YES;
				CLANG_WARN_INT_CONVERSION = YES;
				CLANG_WARN_NON_LITERAL_NULL_CONVERSION = YES;
				CLANG_WARN_OBJC_IMPLICIT_RETAIN_SELF = YES;
				CLANG_WARN_OBJC_LITERAL_CONVERSION = YES;
				CLANG_WARN_OBJC_ROOT_CLASS = YES_ERROR;
				CLANG_WARN_RANGE_LOOP_ANALYSIS = YES;
				CLANG_WARN_STRICT_PROTOTYPES = YES;
				CLANG_WARN_SUSPICIOUS_MOVE = YES;
				CLANG_WARN_UNGUARDED_AVAILABILITY = YES_AGGRESSIVE;
				CLANG_WARN_UNREACHABLE_CODE = YES;
				CLANG_WARN__DUPLICATE_METHOD_MATCH = YES;
				COPY_PHASE_STRIP = NO;
				DEBUG_INFORMATION_FORMAT = dwarf;
				ENABLE_STRICT_OBJC_MSGSEND = YES;
				ENABLE_TESTABILITY = YES;
				GCC_C_LANGUAGE_STANDARD = gnu11;
				GCC_DYNAMIC_NO_PIC = NO;
				GCC_NO_COMMON_BLOCKS = YES;
				GCC_OPTIMIZATION_LEVEL = 0;
				GCC_PREPROCESSOR_DEFINITIONS = (
					"DEBUG=1",
					"$(inherited)",
				);
				GCC_WARN_64_TO_32_BIT_CONVERSION = YES;
				GCC_WARN_ABOUT_RETURN_TYPE = YES_ERROR;
				GCC_WARN_UNDECLARED_SELECTOR = YES;
				GCC_WARN_UNINITIALIZED_AUTOS = YES_AGGRESSIVE;
				GCC_WARN_UNUSED_FUNCTION = YES;
				GCC_WARN_UNUSED_VARIABLE = YES;
				MACOSX_DEPLOYMENT_TARGET = 10.15;
				MTL_ENABLE_DEBUG_INFO = INCLUDE_SOURCE;
				MTL_FAST_MATH = YES;
				ONLY_ACTIVE_ARCH = YES;
				SDKROOT = macosx;
			};
			name = Debug;
		};
		CB2D12C5246AA547001D4C31 /* Release */ = {
			isa = XCBuildConfiguration;
			buildSettings = {
				ALWAYS_SEARCH_USER_PATHS = NO;
				CLANG_ANALYZER_NONNULL = YES;
				CLANG_ANALYZER_NUMBER_OBJECT_CONVERSION = YES_AGGRESSIVE;
				CLANG_CXX_LANGUAGE_STANDARD = "gnu++14";
				CLANG_CXX_LIBRARY = "libc++";
				CLANG_ENABLE_MODULES = YES;
				CLANG_ENABLE_OBJC_ARC = YES;
				CLANG_ENABLE_OBJC_WEAK = YES;
				CLANG_WARN_BLOCK_CAPTURE_AUTORELEASING = YES;
				CLANG_WARN_BOOL_CONVERSION = YES;
				CLANG_WARN_COMMA = YES;
				CLANG_WARN_CONSTANT_CONVERSION = YES;
				CLANG_WARN_DEPRECATED_OBJC_IMPLEMENTATIONS = YES;
				CLANG_WARN_DIRECT_OBJC_ISA_USAGE = YES_ERROR;
				CLANG_WARN_DOCUMENTATION_COMMENTS = YES;
				CLANG_WARN_EMPTY_BODY = YES;
				CLANG_WARN_ENUM_CONVERSION = YES;
				CLANG_WARN_INFINITE_RECURSION = YES;
				CLANG_WARN_INT_CONVERSION = YES;
				CLANG_WARN_NON_LITERAL_NULL_CONVERSION = YES;
				CLANG_WARN_OBJC_IMPLICIT_RETAIN_SELF = YES;
				CLANG_WARN_OBJC_LITERAL_CONVERSION = YES;
				CLANG_WARN_OBJC_ROOT_CLASS = YES_ERROR;
				CLANG_WARN_RANGE_LOOP_ANALYSIS = YES;
				CLANG_WARN_STRICT_PROTOTYPES = YES;
				CLANG_WARN_SUSPICIOUS_MOVE = YES;
				CLANG_WARN_UNGUARDED_AVAILABILITY = YES_AGGRESSIVE;
				CLANG_WARN_UNREACHABLE_CODE = YES;
				CLANG_WARN__DUPLICATE_METHOD_MATCH = YES;
				COPY_PHASE_STRIP = NO;
				DEBUG_INFORMATION_FORMAT = "dwarf-with-dsym";
				ENABLE_NS_ASSERTIONS = NO;
				ENABLE_STRICT_OBJC_MSGSEND = YES;
				GCC_C_LANGUAGE_STANDARD = gnu11;
				GCC_NO_COMMON_BLOCKS = YES;
				GCC_WARN_64_TO_32_BIT_CONVERSION = YES;
				GCC_WARN_ABOUT_RETURN_TYPE = YES_ERROR;
				GCC_WARN_UNDECLARED_SELECTOR = YES;
				GCC_WARN_UNINITIALIZED_AUTOS = YES_AGGRESSIVE;
				GCC_WARN_UNUSED_FUNCTION = YES;
				GCC_WARN_UNUSED_VARIABLE = YES;
				MACOSX_DEPLOYMENT_TARGET = 10.15;
				MTL_ENABLE_DEBUG_INFO = NO;
				MTL_FAST_MATH = YES;
				SDKROOT = macosx;
			};
			name = Release;
		};
		CB2D12C7246AA547001D4C31 /* Debug */ = {
			isa = XCBuildConfiguration;
			buildSettings = {
				CODE_SIGN_STYLE = Automatic;
				PRODUCT_NAME = "$(TARGET_NAME)";
			};
			name = Debug;
		};
		CB2D12C8246AA547001D4C31 /* Release */ = {
			isa = XCBuildConfiguration;
			buildSettings = {
				CODE_SIGN_STYLE = Automatic;
				PRODUCT_NAME = "$(TARGET_NAME)";
			};
			name = Release;
		};
/* End XCBuildConfiguration section */

/* Begin XCConfigurationList section */
		CB2D12BA246AA547001D4C31 /* Build configuration list for PBXProject "BE" */ = {
			isa = XCConfigurationList;
			buildConfigurations = (
				CB2D12C4246AA547001D4C31 /* Debug */,
				CB2D12C5246AA547001D4C31 /* Release */,
			);
			defaultConfigurationIsVisible = 0;
			defaultConfigurationName = Release;
		};
		CB2D12C6246AA547001D4C31 /* Build configuration list for PBXNativeTarget "BE" */ = {
			isa = XCConfigurationList;
			buildConfigurations = (
				CB2D12C7246AA547001D4C31 /* Debug */,
				CB2D12C8246AA547001D4C31 /* Release */,
			);
			defaultConfigurationIsVisible = 0;
			defaultConfigurationName = Release;
		};
/* End XCConfigurationList section */
	};
	rootObject = CB2D12B7246AA547001D4C31 /* Project object */;
}
